lockfileVersion: '6.0'

settings:
  autoInstallPeers: true
  excludeLinksFromLockfile: false

dependencies:
  csvtojson:
    specifier: ^2.0.10
    version: 2.0.10
  json-2-csv:
    specifier: ^5.5.1
    version: 5.5.1

devDependencies:
  '@types/csvtojson':
    specifier: ^2.0.0
    version: 2.0.0
  '@types/node':
    specifier: ^20.12.8
    version: 20.12.8

packages:

  /@types/csvtojson@2.0.0:
    resolution: {integrity: sha512-F7jFwbbA/V2OKM1VhZccjC+/eeZISvWyqGmhFS9A44jQp3RimDleNYngG+DvCgHjM2EjHwgQe0qqpgDhTqsa7Q==}
    deprecated: This is a stub types definition. csvtojson provides its own type definitions, so you do not need this installed.
    dependencies:
      csvtojson: 2.0.10
    dev: true

  /@types/node@20.12.8:
    resolution: {integrity: sha512-NU0rJLJnshZWdE/097cdCBbyW1h4hEg0xpovcoAQYHl8dnEyp/NAOiE45pvc+Bd1Dt+2r94v2eGFpQJ4R7g+2w==}
    dependencies:
      undici-types: 5.26.5
    dev: true

  /bluebird@3.7.2:
    resolution: {integrity: sha512-XpNj6GDQzdfW+r2Wnn7xiSAd7TM3jzkxGXBGTtWKuSXv1xUV+azxAm8jdWZN06QTQk+2N2XB9jRDkvbmQmcRtg==}

  /csvtojson@2.0.10:
    resolution: {integrity: sha512-lUWFxGKyhraKCW8Qghz6Z0f2l/PqB1W3AO0HKJzGIQ5JRSlR651ekJDiGJbBT4sRNNv5ddnSGVEnsxP9XRCVpQ==}
    engines: {node: '>=4.0.0'}
    hasBin: true
    dependencies:
      bluebird: 3.7.2
      lodash: 4.17.21
      strip-bom: 2.0.0

  /deeks@3.1.0:
    resolution: {integrity: sha512-e7oWH1LzIdv/prMQ7pmlDlaVoL64glqzvNgkgQNgyec9ORPHrT2jaOqMtRyqJuwWjtfb6v+2rk9pmaHj+F137A==}
    engines: {node: '>= 16'}
    dev: false

  /doc-path@4.1.1:
    resolution: {integrity: sha512-h1ErTglQAVv2gCnOpD3sFS6uolDbOKHDU1BZq+Kl3npPqroU3dYL42lUgMfd5UimlwtRgp7C9dLGwqQ5D2HYgQ==}
    engines: {node: '>=16'}
    dev: false

  /is-utf8@0.2.1:
    resolution: {integrity: sha512-rMYPYvCzsXywIsldgLaSoPlw5PfoB/ssr7hY4pLfcodrA5M/eArza1a9VmTiNIBNMjOGr1Ow9mTyU2o69U6U9Q==}

  /json-2-csv@5.5.1:
    resolution: {integrity: sha512-KgAtAXTQopRwe90gh8SgjRSxgt9bUWbGAPMo9W0TZLA8SqiQH7khtagFfeEUjG3NBPwJu/+9uX5pMvunKaPvrQ==}
    engines: {node: '>= 16'}
    dependencies:
      deeks: 3.1.0
      doc-path: 4.1.1
    dev: false

  /lodash@4.17.21:
    resolution: {integrity: sha512-v2kDEe57lecTulaDIuNTPy3Ry4gLGJ6Z1O3vE1krgXZNrsQ+LFTGHVxVjcXPs17LhbZVGedAJv8XZ1tvj5FvSg==}

  /strip-bom@2.0.0:
    resolution: {integrity: sha512-kwrX1y7czp1E69n2ajbG65mIo9dqvJ+8aBQXOGVxqwvNbsXdFM6Lq37dLAY3mknUwru8CfcCbfOLL/gMo+fi3g==}
    engines: {node: '>=0.10.0'}
    dependencies:
      is-utf8: 0.2.1

  /undici-types@5.26.5:
    resolution: {integrity: sha512-JlCMO+ehdEIKqlFxk6IfVoAUVmgz7cU7zD/h9XZ0qzeosSHmUJVOzSQvvYSYWXkFXC+IfLKSIffhv0sVZup6pA==}
    dev: true
